
Microsoft Visual Studio Solution File, Format Version 12.00
# Visual Studio Version 17
VisualStudioVersion = 17.12.35514.174
MinimumVisualStudioVersion = 10.0.40219.1
Project("{FAE04EC0-301F-11D3-BF4B-00C04F79EFBC}") = "Template.Api", "Template.Api\Template.Api.csproj", "{53C88C4A-439D-4813-84B8-99C5C7698A17}"
EndProject
Project("{FAE04EC0-301F-11D3-BF4B-00C04F79EFBC}") = "Template.Domain", "Template.Domain\Template.Domain.csproj", "{42BA7ABD-1589-4BF9-A076-CCFC23E6A69D}"
EndProject
Project("{FAE04EC0-301F-11D3-BF4B-00C04F79EFBC}") = "Template.Infrastructure", "Template.Infrastructure\Template.Infrastructure.csproj", "{859881B5-1B02-44F4-85E1-E4494B3DD0E6}"
EndProject
Project("{FAE04EC0-301F-11D3-BF4B-00C04F79EFBC}") = "Template.Presentation", "Template.Presentation\Template.Presentation.csproj", "{A06B377D-A551-4C4C-9BF7-073BB69C4F01}"
EndProject
Project("{FAE04EC0-301F-11D3-BF4B-00C04F79EFBC}") = "Template.Application", "Template.Application\Template.Application.csproj", "{685129BD-710B-4725-9503-198D8C44D7C0}"
EndProject
Global
	GlobalSection(SolutionConfigurationPlatforms) = preSolution
		Debug|Any CPU = Debug|Any CPU
		Release|Any CPU = Release|Any CPU
	EndGlobalSection
	GlobalSection(ProjectConfigurationPlatforms) = postSolution
		{53C88C4A-439D-4813-84B8-99C5C7698A17}.Debug|Any CPU.ActiveCfg = Debug|Any CPU
		{53C88C4A-439D-4813-84B8-99C5C7698A17}.Debug|Any CPU.Build.0 = Debug|Any CPU
		{53C88C4A-439D-4813-84B8-99C5C7698A17}.Release|Any CPU.ActiveCfg = Release|Any CPU
		{53C88C4A-439D-4813-84B8-99C5C7698A17}.Release|Any CPU.Build.0 = Release|Any CPU
		{42BA7ABD-1589-4BF9-A076-CCFC23E6A69D}.Debug|Any CPU.ActiveCfg = Debug|Any CPU
		{42BA7ABD-1589-4BF9-A076-CCFC23E6A69D}.Debug|Any CPU.Build.0 = Debug|Any CPU
		{42BA7ABD-1589-4BF9-A076-CCFC23E6A69D}.Release|Any CPU.ActiveCfg = Release|Any CPU
		{42BA7ABD-1589-4BF9-A076-CCFC23E6A69D}.Release|Any CPU.Build.0 = Release|Any CPU
		{859881B5-1B02-44F4-85E1-E4494B3DD0E6}.Debug|Any CPU.ActiveCfg = Debug|Any CPU
		{859881B5-1B02-44F4-85E1-E4494B3DD0E6}.Debug|Any CPU.Build.0 = Debug|Any CPU
		{859881B5-1B02-44F4-85E1-E4494B3DD0E6}.Release|Any CPU.ActiveCfg = Release|Any CPU
		{859881B5-1B02-44F4-85E1-E4494B3DD0E6}.Release|Any CPU.Build.0 = Release|Any CPU
		{A06B377D-A551-4C4C-9BF7-073BB69C4F01}.Debug|Any CPU.ActiveCfg = Debug|Any CPU
		{A06B377D-A551-4C4C-9BF7-073BB69C4F01}.Debug|Any CPU.Build.0 = Debug|Any CPU
		{A06B377D-A551-4C4C-9BF7-073BB69C4F01}.Release|Any CPU.ActiveCfg = Release|Any CPU
		{A06B377D-A551-4C4C-9BF7-073BB69C4F01}.Release|Any CPU.Build.0 = Release|Any CPU
		{685129BD-710B-4725-9503-198D8C44D7C0}.Debug|Any CPU.ActiveCfg = Debug|Any CPU
		{685129BD-710B-4725-9503-198D8C44D7C0}.Debug|Any CPU.Build.0 = Debug|Any CPU
		{685129BD-710B-4725-9503-198D8C44D7C0}.Release|Any CPU.ActiveCfg = Release|Any CPU
		{685129BD-710B-4725-9503-198D8C44D7C0}.Release|Any CPU.Build.0 = Release|Any CPU
	EndGlobalSection
	GlobalSection(SolutionProperties) = preSolution
		HideSolutionNode = FALSE
	EndGlobalSection
EndGlobal
